
Microsoft Visual Studio Solution File, Format Version 12.00
# Visual Studio Version 17
VisualStudioVersion = 17.0.32014.148
MinimumVisualStudioVersion = 10.0.40219.1
Project("{FAE04EC0-301F-11D3-BF4B-00C04F79EFBC}") = "SudokuSolver", "SudokuSolver.csproj", "{09225DE6-1A88-42CF-95AA-0E0DFCC974EA}"
EndProject
Global
	GlobalSection(SolutionConfigurationPlatforms) = preSolution
		Debug|Any CPU = Debug|Any CPU
		Release|Any CPU = Release|Any CPU
	EndGlobalSection
	GlobalSection(ProjectConfigurationPlatforms) = postSolution
		{09225DE6-1A88-42CF-95AA-0E0DFCC974EA}.Debug|Any CPU.ActiveCfg = Debug|Any CPU
		{09225DE6-1A88-42CF-95AA-0E0DFCC974EA}.Debug|Any CPU.Build.0 = Debug|Any CPU
		{09225DE6-1A88-42CF-95AA-0E0DFCC974EA}.Release|Any CPU.ActiveCfg = Release|Any CPU
		{09225DE6-1A88-42CF-95AA-0E0DFCC974EA}.Release|Any CPU.Build.0 = Release|Any CPU
	EndGlobalSection
	GlobalSection(SolutionProperties) = preSolution
		HideSolutionNode = FALSE
	EndGlobalSection
	GlobalSection(ExtensibilityGlobals) = postSolution
		SolutionGuid = {08920579-7345-419D-8A32-5F505D40C8BB}
	EndGlobalSection
EndGlobal
